// !$*UTF8*$!
{
	archiveVersion = 1;
	classes = {
	};
	objectVersion = 56;
	objects = {

/* Begin PBXBuildFile section */
		2F25F0E628FE142A00AFB8AC /* MY_FirebaseRealtimeDatabaseApp.swift in Sources */ = {isa = PBXBuildFile; fileRef = 2F25F0E528FE142A00AFB8AC /* MY_FirebaseRealtimeDatabaseApp.swift */; };
		2F25F0E828FE142A00AFB8AC /* ContentView.swift in Sources */ = {isa = PBXBuildFile; fileRef = 2F25F0E728FE142A00AFB8AC /* ContentView.swift */; };
		2F25F0EA28FE142B00AFB8AC /* Assets.xcassets in Resources */ = {isa = PBXBuildFile; fileRef = 2F25F0E928FE142B00AFB8AC /* Assets.xcassets */; };
		2F25F0EE28FE142B00AFB8AC /* Preview Assets.xcassets in Resources */ = {isa = PBXBuildFile; fileRef = 2F25F0ED28FE142B00AFB8AC /* Preview Assets.xcassets */; };
		2F25F0F828FE15B700AFB8AC /* FirebaseAnalytics in Frameworks */ = {isa = PBXBuildFile; productRef = 2F25F0F728FE15B700AFB8AC /* FirebaseAnalytics */; };
		2F25F0FA28FE15B700AFB8AC /* FirebaseAuth in Frameworks */ = {isa = PBXBuildFile; productRef = 2F25F0F928FE15B700AFB8AC /* FirebaseAuth */; };
		2F25F0FC28FE15B700AFB8AC /* FirebaseCrashlytics in Frameworks */ = {isa = PBXBuildFile; productRef = 2F25F0FB28FE15B700AFB8AC /* FirebaseCrashlytics */; };
		2F25F0FE28FE15B700AFB8AC /* FirebaseDatabase in Frameworks */ = {isa = PBXBuildFile; productRef = 2F25F0FD28FE15B700AFB8AC /* FirebaseDatabase */; };
		2F25F10028FE15B700AFB8AC /* FirebaseDatabaseSwift in Frameworks */ = {isa = PBXBuildFile; productRef = 2F25F0FF28FE15B700AFB8AC /* FirebaseDatabaseSwift */; };
		2F25F10228FE15B700AFB8AC /* FirebaseStorage in Frameworks */ = {isa = PBXBuildFile; productRef = 2F25F10128FE15B700AFB8AC /* FirebaseStorage */; };
		2F25F10428FE191400AFB8AC /* GoogleService-Info.plist in Resources */ = {isa = PBXBuildFile; fileRef = 2F25F10328FE191400AFB8AC /* GoogleService-Info.plist */; };
/* End PBXBuildFile section */

/* Begin PBXFileReference section */
		2F25F0E228FE142A00AFB8AC /* MY-FirebaseRealtimeDatabase.app */ = {isa = PBXFileReference; explicitFileType = wrapper.application; includeInIndex = 0; path = "MY-FirebaseRealtimeDatabase.app"; sourceTree = BUILT_PRODUCTS_DIR; };
		2F25F0E528FE142A00AFB8AC /* MY_FirebaseRealtimeDatabaseApp.swift */ = {isa = PBXFileReference; lastKnownFileType = sourcecode.swift; path = MY_FirebaseRealtimeDatabaseApp.swift; sourceTree = "<group>"; };
		2F25F0E728FE142A00AFB8AC /* ContentView.swift */ = {isa = PBXFileReference; lastKnownFileType = sourcecode.swift; path = ContentView.swift; sourceTree = "<group>"; };
		2F25F0E928FE142B00AFB8AC /* Assets.xcassets */ = {isa = PBXFileReference; lastKnownFileType = folder.assetcatalog; path = Assets.xcassets; sourceTree = "<group>"; };
		2F25F0EB28FE142B00AFB8AC /* MY_FirebaseRealtimeDatabase.entitlements */ = {isa = PBXFileReference; lastKnownFileType = text.plist.entitlements; path = MY_FirebaseRealtimeDatabase.entitlements; sourceTree = "<group>"; };
		2F25F0ED28FE142B00AFB8AC /* Preview Assets.xcassets */ = {isa = PBXFileReference; lastKnownFileType = folder.assetcatalog; path = "Preview Assets.xcassets"; sourceTree = "<group>"; };
		2F25F10328FE191400AFB8AC /* GoogleService-Info.plist */ = {isa = PBXFileReference; fileEncoding = 4; lastKnownFileType = text.plist.xml; path = "GoogleService-Info.plist"; sourceTree = "<group>"; };
/* End PBXFileReference section */

/* Begin PBXFrameworksBuildPhase section */
		2F25F0DF28FE142A00AFB8AC /* Frameworks */ = {
			isa = PBXFrameworksBuildPhase;
			buildActionMask = 2147483647;
			files = (
				2F25F10028FE15B700AFB8AC /* FirebaseDatabaseSwift in Frameworks */,
				2F25F0FC28FE15B700AFB8AC /* FirebaseCrashlytics in Frameworks */,
				2F25F0F828FE15B700AFB8AC /* FirebaseAnalytics in Frameworks */,
				2F25F0FE28FE15B700AFB8AC /* FirebaseDatabase in Frameworks */,
				2F25F0FA28FE15B700AFB8AC /* FirebaseAuth in Frameworks */,
				2F25F10228FE15B700AFB8AC /* FirebaseStorage in Frameworks */,
			);
			runOnlyForDeploymentPostprocessing = 0;
		};
/* End PBXFrameworksBuildPhase section */

/* Begin PBXGroup section */
		2F25F0D928FE142A00AFB8AC = {
			isa = PBXGroup;
			children = (
				2F25F0E428FE142A00AFB8AC /* MY-FirebaseRealtimeDatabase */,
				2F25F0E328FE142A00AFB8AC /* Products */,
			);
			sourceTree = "<group>";
		};
		2F25F0E328FE142A00AFB8AC /* Products */ = {
			isa = PBXGroup;
			children = (
				2F25F0E228FE142A00AFB8AC /* MY-FirebaseRealtimeDatabase.app */,
			);
			name = Products;
			sourceTree = "<group>";
		};
		2F25F0E428FE142A00AFB8AC /* MY-FirebaseRealtimeDatabase */ = {
			isa = PBXGroup;
			children = (
				2F25F10328FE191400AFB8AC /* GoogleService-Info.plist */,
				2F25F0E528FE142A00AFB8AC /* MY_FirebaseRealtimeDatabaseApp.swift */,
				2F25F0E728FE142A00AFB8AC /* ContentView.swift */,
				2F25F0E928FE142B00AFB8AC /* Assets.xcassets */,
				2F25F0EB28FE142B00AFB8AC /* MY_FirebaseRealtimeDatabase.entitlements */,
				2F25F0EC28FE142B00AFB8AC /* Preview Content */,
			);
			path = "MY-FirebaseRealtimeDatabase";
			sourceTree = "<group>";
		};
		2F25F0EC28FE142B00AFB8AC /* Preview Content */ = {
			isa = PBXGroup;
			children = (
				2F25F0ED28FE142B00AFB8AC /* Preview Assets.xcassets */,
			);
			path = "Preview Content";
			sourceTree = "<group>";
		};
/* End PBXGroup section */

/* Begin PBXNativeTarget section */
		2F25F0E128FE142A00AFB8AC /* MY-FirebaseRealtimeDatabase */ = {
			isa = PBXNativeTarget;
			buildConfigurationList = 2F25F0F128FE142B00AFB8AC /* Build configuration list for PBXNativeTarget "MY-FirebaseRealtimeDatabase" */;
			buildPhases = (
				2F25F0DE28FE142A00AFB8AC /* Sources */,
				2F25F0DF28FE142A00AFB8AC /* Frameworks */,
				2F25F0E028FE142A00AFB8AC /* Resources */,
			);
			buildRules = (
			);
			dependencies = (
			);
			name = "MY-FirebaseRealtimeDatabase";
			packageProductDependencies = (
				2F25F0F728FE15B700AFB8AC /* FirebaseAnalytics */,
				2F25F0F928FE15B700AFB8AC /* FirebaseAuth */,
				2F25F0FB28FE15B700AFB8AC /* FirebaseCrashlytics */,
				2F25F0FD28FE15B700AFB8AC /* FirebaseDatabase */,
				2F25F0FF28FE15B700AFB8AC /* FirebaseDatabaseSwift */,
				2F25F10128FE15B700AFB8AC /* FirebaseStorage */,
			);
			productName = "MY-FirebaseRealtimeDatabase";
			productReference = 2F25F0E228FE142A00AFB8AC /* MY-FirebaseRealtimeDatabase.app */;
			productType = "com.apple.product-type.application";
		};
/* End PBXNativeTarget section */

/* Begin PBXProject section */
		2F25F0DA28FE142A00AFB8AC /* Project object */ = {
			isa = PBXProject;
			attributes = {
				BuildIndependentTargetsInParallel = 1;
				LastSwiftUpdateCheck = 1400;
				LastUpgradeCheck = 1400;
				TargetAttributes = {
					2F25F0E128FE142A00AFB8AC = {
						CreatedOnToolsVersion = 14.0.1;
					};
				};
			};
			buildConfigurationList = 2F25F0DD28FE142A00AFB8AC /* Build configuration list for PBXProject "MY-FirebaseRealtimeDatabase" */;
			compatibilityVersion = "Xcode 14.0";
			developmentRegion = en;
			hasScannedForEncodings = 0;
			knownRegions = (
				en,
				Base,
			);
			mainGroup = 2F25F0D928FE142A00AFB8AC;
			packageReferences = (
				2F25F0F628FE15B700AFB8AC /* XCRemoteSwiftPackageReference "firebase-ios-sdk" */,
			);
			productRefGroup = 2F25F0E328FE142A00AFB8AC /* Products */;
			projectDirPath = "";
			projectRoot = "";
			targets = (
				2F25F0E128FE142A00AFB8AC /* MY-FirebaseRealtimeDatabase */,
			);
		};
/* End PBXProject section */

/* Begin PBXResourcesBuildPhase section */
		2F25F0E028FE142A00AFB8AC /* Resources */ = {
			isa = PBXResourcesBuildPhase;
			buildActionMask = 2147483647;
			files = (
				2F25F0EE28FE142B00AFB8AC /* Preview Assets.xcassets in Resources */,
				2F25F0EA28FE142B00AFB8AC /* Assets.xcassets in Resources */,
				2F25F10428FE191400AFB8AC /* GoogleService-Info.plist in Resources */,
			);
			runOnlyForDeploymentPostprocessing = 0;
		};
/* End PBXResourcesBuildPhase section */

/* Begin PBXSourcesBuildPhase section */
		2F25F0DE28FE142A00AFB8AC /* Sources */ = {
			isa = PBXSourcesBuildPhase;
			buildActionMask = 2147483647;
			files = (
				2F25F0E828FE142A00AFB8AC /* ContentView.swift in Sources */,
				2F25F0E628FE142A00AFB8AC /* MY_FirebaseRealtimeDatabaseApp.swift in Sources */,
			);
			runOnlyForDeploymentPostprocessing = 0;
		};
/* End PBXSourcesBuildPhase section */

/* Begin XCBuildConfiguration section */
		2F25F0EF28FE142B00AFB8AC /* Debug */ = {
			isa = XCBuildConfiguration;
			buildSettings = {
				ALWAYS_SEARCH_USER_PATHS = NO;
				CLANG_ANALYZER_NONNULL = YES;
				CLANG_ANALYZER_NUMBER_OBJECT_CONVERSION = YES_AGGRESSIVE;
				CLANG_CXX_LANGUAGE_STANDARD = "gnu++20";
				CLANG_ENABLE_MODULES = YES;
				CLANG_ENABLE_OBJC_ARC = YES;
				CLANG_ENABLE_OBJC_WEAK = YES;
				CLANG_WARN_BLOCK_CAPTURE_AUTORELEASING = YES;
				CLANG_WARN_BOOL_CONVERSION = YES;
				CLANG_WARN_COMMA = YES;
				CLANG_WARN_CONSTANT_CONVERSION = YES;
				CLANG_WARN_DEPRECATED_OBJC_IMPLEMENTATIONS = YES;
				CLANG_WARN_DIRECT_OBJC_ISA_USAGE = YES_ERROR;
				CLANG_WARN_DOCUMENTATION_COMMENTS = YES;
				CLANG_WARN_EMPTY_BODY = YES;
				CLANG_WARN_ENUM_CONVERSION = YES;
				CLANG_WARN_INFINITE_RECURSION = YES;
				CLANG_WARN_INT_CONVERSION = YES;
				CLANG_WARN_NON_LITERAL_NULL_CONVERSION = YES;
				CLANG_WARN_OBJC_IMPLICIT_RETAIN_SELF = YES;
				CLANG_WARN_OBJC_LITERAL_CONVERSION = YES;
				CLANG_WARN_OBJC_ROOT_CLASS = YES_ERROR;
				CLANG_WARN_QUOTED_INCLUDE_IN_FRAMEWORK_HEADER = YES;
				CLANG_WARN_RANGE_LOOP_ANALYSIS = YES;
				CLANG_WARN_STRICT_PROTOTYPES = YES;
				CLANG_WARN_SUSPICIOUS_MOVE = YES;
				CLANG_WARN_UNGUARDED_AVAILABILITY = YES_AGGRESSIVE;
				CLANG_WARN_UNREACHABLE_CODE = YES;
				CLANG_WARN__DUPLICATE_METHOD_MATCH = YES;
				COPY_PHASE_STRIP = NO;
				DEBUG_INFORMATION_FORMAT = dwarf;
				ENABLE_STRICT_OBJC_MSGSEND = YES;
				ENABLE_TESTABILITY = YES;
				GCC_C_LANGUAGE_STANDARD = gnu11;
				GCC_DYNAMIC_NO_PIC = NO;
				GCC_NO_COMMON_BLOCKS = YES;
				GCC_OPTIMIZATION_LEVEL = 0;
				GCC_PREPROCESSOR_DEFINITIONS = (
					"DEBUG=1",
					"$(inherited)",
				);
				GCC_WARN_64_TO_32_BIT_CONVERSION = YES;
				GCC_WARN_ABOUT_RETURN_TYPE = YES_ERROR;
				GCC_WARN_UNDECLARED_SELECTOR = YES;
				GCC_WARN_UNINITIALIZED_AUTOS = YES_AGGRESSIVE;
				GCC_WARN_UNUSED_FUNCTION = YES;
				GCC_WARN_UNUSED_VARIABLE = YES;
				MTL_ENABLE_DEBUG_INFO = INCLUDE_SOURCE;
				MTL_FAST_MATH = YES;
				ONLY_ACTIVE_ARCH = YES;
				SWIFT_ACTIVE_COMPILATION_CONDITIONS = DEBUG;
				SWIFT_OPTIMIZATION_LEVEL = "-Onone";
			};
			name = Debug;
		};
		2F25F0F028FE142B00AFB8AC /* Release */ = {
			isa = XCBuildConfiguration;
			buildSettings = {
				ALWAYS_SEARCH_USER_PATHS = NO;
				CLANG_ANALYZER_NONNULL = YES;
				CLANG_ANALYZER_NUMBER_OBJECT_CONVERSION = YES_AGGRESSIVE;
				CLANG_CXX_LANGUAGE_STANDARD = "gnu++20";
				CLANG_ENABLE_MODULES = YES;
				CLANG_ENABLE_OBJC_ARC = YES;
				CLANG_ENABLE_OBJC_WEAK = YES;
				CLANG_WARN_BLOCK_CAPTURE_AUTORELEASING = YES;
				CLANG_WARN_BOOL_CONVERSION = YES;
				CLANG_WARN_COMMA = YES;
				CLANG_WARN_CONSTANT_CONVERSION = YES;
				CLANG_WARN_DEPRECATED_OBJC_IMPLEMENTATIONS = YES;
				CLANG_WARN_DIRECT_OBJC_ISA_USAGE = YES_ERROR;
				CLANG_WARN_DOCUMENTATION_COMMENTS = YES;
				CLANG_WARN_EMPTY_BODY = YES;
				CLANG_WARN_ENUM_CONVERSION = YES;
				CLANG_WARN_INFINITE_RECURSION = YES;
				CLANG_WARN_INT_CONVERSION = YES;
				CLANG_WARN_NON_LITERAL_NULL_CONVERSION = YES;
				CLANG_WARN_OBJC_IMPLICIT_RETAIN_SELF = YES;
				CLANG_WARN_OBJC_LITERAL_CONVERSION = YES;
				CLANG_WARN_OBJC_ROOT_CLASS = YES_ERROR;
				CLANG_WARN_QUOTED_INCLUDE_IN_FRAMEWORK_HEADER = YES;
				CLANG_WARN_RANGE_LOOP_ANALYSIS = YES;
				CLANG_WARN_STRICT_PROTOTYPES = YES;
				CLANG_WARN_SUSPICIOUS_MOVE = YES;
				CLANG_WARN_UNGUARDED_AVAILABILITY = YES_AGGRESSIVE;
				CLANG_WARN_UNREACHABLE_CODE = YES;
				CLANG_WARN__DUPLICATE_METHOD_MATCH = YES;
				COPY_PHASE_STRIP = NO;
				DEBUG_INFORMATION_FORMAT = "dwarf-with-dsym";
				ENABLE_NS_ASSERTIONS = NO;
				ENABLE_STRICT_OBJC_MSGSEND = YES;
				GCC_C_LANGUAGE_STANDARD = gnu11;
				GCC_NO_COMMON_BLOCKS = YES;
				GCC_WARN_64_TO_32_BIT_CONVERSION = YES;
				GCC_WARN_ABOUT_RETURN_TYPE = YES_ERROR;
				GCC_WARN_UNDECLARED_SELECTOR = YES;
				GCC_WARN_UNINITIALIZED_AUTOS = YES_AGGRESSIVE;
				GCC_WARN_UNUSED_FUNCTION = YES;
				GCC_WARN_UNUSED_VARIABLE = YES;
				MTL_ENABLE_DEBUG_INFO = NO;
				MTL_FAST_MATH = YES;
				SWIFT_COMPILATION_MODE = wholemodule;
				SWIFT_OPTIMIZATION_LEVEL = "-O";
			};
			name = Release;
		};
		2F25F0F228FE142B00AFB8AC /* Debug */ = {
			isa = XCBuildConfiguration;
			buildSettings = {
				ASSETCATALOG_COMPILER_APPICON_NAME = AppIcon;
				ASSETCATALOG_COMPILER_GLOBAL_ACCENT_COLOR_NAME = AccentColor;
				CODE_SIGN_ENTITLEMENTS = "MY-FirebaseRealtimeDatabase/MY_FirebaseRealtimeDatabase.entitlements";
				CODE_SIGN_STYLE = Automatic;
				CURRENT_PROJECT_VERSION = 1;
				DEVELOPMENT_ASSET_PATHS = "\"MY-FirebaseRealtimeDatabase/Preview Content\"";
				DEVELOPMENT_TEAM = 4BP826FJGX;
				ENABLE_HARDENED_RUNTIME = YES;
				ENABLE_PREVIEWS = YES;
				GENERATE_INFOPLIST_FILE = YES;
				"INFOPLIST_KEY_UIApplicationSceneManifest_Generation[sdk=iphoneos*]" = YES;
				"INFOPLIST_KEY_UIApplicationSceneManifest_Generation[sdk=iphonesimulator*]" = YES;
				"INFOPLIST_KEY_UIApplicationSupportsIndirectInputEvents[sdk=iphoneos*]" = YES;
				"INFOPLIST_KEY_UIApplicationSupportsIndirectInputEvents[sdk=iphonesimulator*]" = YES;
				"INFOPLIST_KEY_UILaunchScreen_Generation[sdk=iphoneos*]" = YES;
				"INFOPLIST_KEY_UILaunchScreen_Generation[sdk=iphonesimulator*]" = YES;
				"INFOPLIST_KEY_UIStatusBarStyle[sdk=iphoneos*]" = UIStatusBarStyleDefault;
				"INFOPLIST_KEY_UIStatusBarStyle[sdk=iphonesimulator*]" = UIStatusBarStyleDefault;
				INFOPLIST_KEY_UISupportedInterfaceOrientations_iPad = "UIInterfaceOrientationPortrait UIInterfaceOrientationPortraitUpsideDown UIInterfaceOrientationLandscapeLeft UIInterfaceOrientationLandscapeRight";
				INFOPLIST_KEY_UISupportedInterfaceOrientations_iPhone = "UIInterfaceOrientationPortrait UIInterfaceOrientationLandscapeLeft UIInterfaceOrientationLandscapeRight";
				IPHONEOS_DEPLOYMENT_TARGET = 16.0;
				LD_RUNPATH_SEARCH_PATHS = "@executable_path/Frameworks";
				"LD_RUNPATH_SEARCH_PATHS[sdk=macosx*]" = "@executable_path/../Frameworks";
				MACOSX_DEPLOYMENT_TARGET = 12.3;
				MARKETING_VERSION = 1.0;
				PRODUCT_BUNDLE_IDENTIFIER = "dev.neurothrone.MY-FirebaseRealtimeDatabase";
				PRODUCT_NAME = "$(TARGET_NAME)";
				SDKROOT = auto;
				SUPPORTED_PLATFORMS = "iphoneos iphonesimulator macosx";
				SWIFT_EMIT_LOC_STRINGS = YES;
				SWIFT_VERSION = 5.0;
				TARGETED_DEVICE_FAMILY = "1,2";
			};
			name = Debug;
		};
		2F25F0F328FE142B00AFB8AC /* Release */ = {
			isa = XCBuildConfiguration;
			buildSettings = {
				ASSETCATALOG_COMPILER_APPICON_NAME = AppIcon;
				ASSETCATALOG_COMPILER_GLOBAL_ACCENT_COLOR_NAME = AccentColor;
				CODE_SIGN_ENTITLEMENTS = "MY-FirebaseRealtimeDatabase/MY_FirebaseRealtimeDatabase.entitlements";
				CODE_SIGN_STYLE = Automatic;
				CURRENT_PROJECT_VERSION = 1;
				DEVELOPMENT_ASSET_PATHS = "\"MY-FirebaseRealtimeDatabase/Preview Content\"";
				DEVELOPMENT_TEAM = 4BP826FJGX;
				ENABLE_HARDENED_RUNTIME = YES;
				ENABLE_PREVIEWS = YES;
				GENERATE_INFOPLIST_FILE = YES;
				"INFOPLIST_KEY_UIApplicationSceneManifest_Generation[sdk=iphoneos*]" = YES;
				"INFOPLIST_KEY_UIApplicationSceneManifest_Generation[sdk=iphonesimulator*]" = YES;
				"INFOPLIST_KEY_UIApplicationSupportsIndirectInputEvents[sdk=iphoneos*]" = YES;
				"INFOPLIST_KEY_UIApplicationSupportsIndirectInputEvents[sdk=iphonesimulator*]" = YES;
				"INFOPLIST_KEY_UILaunchScreen_Generation[sdk=iphoneos*]" = YES;
				"INFOPLIST_KEY_UILaunchScreen_Generation[sdk=iphonesimulator*]" = YES;
				"INFOPLIST_KEY_UIStatusBarStyle[sdk=iphoneos*]" = UIStatusBarStyleDefault;
				"INFOPLIST_KEY_UIStatusBarStyle[sdk=iphonesimulator*]" = UIStatusBarStyleDefault;
				INFOPLIST_KEY_UISupportedInterfaceOrientations_iPad = "UIInterfaceOrientationPortrait UIInterfaceOrientationPortraitUpsideDown UIInterfaceOrientationLandscapeLeft UIInterfaceOrientationLandscapeRight";
				INFOPLIST_KEY_UISupportedInterfaceOrientations_iPhone = "UIInterfaceOrientationPortrait UIInterfaceOrientationLandscapeLeft UIInterfaceOrientationLandscapeRight";
				IPHONEOS_DEPLOYMENT_TARGET = 16.0;
				LD_RUNPATH_SEARCH_PATHS = "@executable_path/Frameworks";
				"LD_RUNPATH_SEARCH_PATHS[sdk=macosx*]" = "@executable_path/../Frameworks";
				MACOSX_DEPLOYMENT_TARGET = 12.3;
				MARKETING_VERSION = 1.0;
				PRODUCT_BUNDLE_IDENTIFIER = "dev.neurothrone.MY-FirebaseRealtimeDatabase";
				PRODUCT_NAME = "$(TARGET_NAME)";
				SDKROOT = auto;
				SUPPORTED_PLATFORMS = "iphoneos iphonesimulator macosx";
				SWIFT_EMIT_LOC_STRINGS = YES;
				SWIFT_VERSION = 5.0;
				TARGETED_DEVICE_FAMILY = "1,2";
			};
			name = Release;
		};
/* End XCBuildConfiguration section */

/* Begin XCConfigurationList section */
		2F25F0DD28FE142A00AFB8AC /* Build configuration list for PBXProject "MY-FirebaseRealtimeDatabase" */ = {
			isa = XCConfigurationList;
			buildConfigurations = (
				2F25F0EF28FE142B00AFB8AC /* Debug */,
				2F25F0F028FE142B00AFB8AC /* Release */,
			);
			defaultConfigurationIsVisible = 0;
			defaultConfigurationName = Release;
		};
		2F25F0F128FE142B00AFB8AC /* Build configuration list for PBXNativeTarget "MY-FirebaseRealtimeDatabase" */ = {
			isa = XCConfigurationList;
			buildConfigurations = (
				2F25F0F228FE142B00AFB8AC /* Debug */,
				2F25F0F328FE142B00AFB8AC /* Release */,
			);
			defaultConfigurationIsVisible = 0;
			defaultConfigurationName = Release;
		};
/* End XCConfigurationList section */

/* Begin XCRemoteSwiftPackageReference section */
		2F25F0F628FE15B700AFB8AC /* XCRemoteSwiftPackageReference "firebase-ios-sdk" */ = {
			isa = XCRemoteSwiftPackageReference;
			repositoryURL = "https://github.com/firebase/firebase-ios-sdk";
			requirement = {
				branch = master;
				kind = branch;
			};
		};
/* End XCRemoteSwiftPackageReference section */

/* Begin XCSwiftPackageProductDependency section */
		2F25F0F728FE15B700AFB8AC /* FirebaseAnalytics */ = {
			isa = XCSwiftPackageProductDependency;
			package = 2F25F0F628FE15B700AFB8AC /* XCRemoteSwiftPackageReference "firebase-ios-sdk" */;
			productName = FirebaseAnalytics;
		};
		2F25F0F928FE15B700AFB8AC /* FirebaseAuth */ = {
			isa = XCSwiftPackageProductDependency;
			package = 2F25F0F628FE15B700AFB8AC /* XCRemoteSwiftPackageReference "firebase-ios-sdk" */;
			productName = FirebaseAuth;
		};
		2F25F0FB28FE15B700AFB8AC /* FirebaseCrashlytics */ = {
			isa = XCSwiftPackageProductDependency;
			package = 2F25F0F628FE15B700AFB8AC /* XCRemoteSwiftPackageReference "firebase-ios-sdk" */;
			productName = FirebaseCrashlytics;
		};
		2F25F0FD28FE15B700AFB8AC /* FirebaseDatabase */ = {
			isa = XCSwiftPackageProductDependency;
			package = 2F25F0F628FE15B700AFB8AC /* XCRemoteSwiftPackageReference "firebase-ios-sdk" */;
			productName = FirebaseDatabase;
		};
		2F25F0FF28FE15B700AFB8AC /* FirebaseDatabaseSwift */ = {
			isa = XCSwiftPackageProductDependency;
			package = 2F25F0F628FE15B700AFB8AC /* XCRemoteSwiftPackageReference "firebase-ios-sdk" */;
			productName = FirebaseDatabaseSwift;
		};
		2F25F10128FE15B700AFB8AC /* FirebaseStorage */ = {
			isa = XCSwiftPackageProductDependency;
			package = 2F25F0F628FE15B700AFB8AC /* XCRemoteSwiftPackageReference "firebase-ios-sdk" */;
			productName = FirebaseStorage;
		};
/* End XCSwiftPackageProductDependency section */
	};
	rootObject = 2F25F0DA28FE142A00AFB8AC /* Project object */;
}
